
Microsoft Visual Studio Solution File, Format Version 12.00
# Visual Studio Version 17
VisualStudioVersion = 17.4.33205.214
MinimumVisualStudioVersion = 10.0.40219.1
Project("{9A19103F-16F7-4668-BE54-9A1E7A4F7556}") = "CloudBeat.Kit.Common", "CloudBeat.Kit.Common\CloudBeat.Kit.Common.csproj", "{7443412E-2EE6-4136-ADB0-07A68A06BC50}"
EndProject
Project("{9A19103F-16F7-4668-BE54-9A1E7A4F7556}") = "CloudBeat.Kit.MSTest", "CloudBeat.Kit.MSTest\CloudBeat.Kit.MSTest.csproj", "{A1243431-567B-42DC-B3B7-20520A3984C0}"
EndProject
Project("{9A19103F-16F7-4668-BE54-9A1E7A4F7556}") = "CloudBeat.Kit.NUnit", "CloudBeat.Kit.NUnit\CloudBeat.Kit.NUnit.csproj", "{EB8DC21C-1F10-4CB9-A609-008460D1274B}"
EndProject
Project("{FAE04EC0-301F-11D3-BF4B-00C04F79EFBC}") = "CloudBeat.Kit.Playwright", "CloudBeat.Kit.Playwright\CloudBeat.Kit.Playwright.csproj", "{D886C62C-A362-4138-BE77-23F934DAC1B9}"
EndProject
Global
	GlobalSection(SolutionConfigurationPlatforms) = preSolution
		Debug|Any CPU = Debug|Any CPU
		Release|Any CPU = Release|Any CPU
	EndGlobalSection
	GlobalSection(ProjectConfigurationPlatforms) = postSolution
		{7443412E-2EE6-4136-ADB0-07A68A06BC50}.Debug|Any CPU.ActiveCfg = Debug|Any CPU
		{7443412E-2EE6-4136-ADB0-07A68A06BC50}.Debug|Any CPU.Build.0 = Debug|Any CPU
		{7443412E-2EE6-4136-ADB0-07A68A06BC50}.Release|Any CPU.ActiveCfg = Release|Any CPU
		{7443412E-2EE6-4136-ADB0-07A68A06BC50}.Release|Any CPU.Build.0 = Release|Any CPU
		{A1243431-567B-42DC-B3B7-20520A3984C0}.Debug|Any CPU.ActiveCfg = Debug|Any CPU
		{A1243431-567B-42DC-B3B7-20520A3984C0}.Debug|Any CPU.Build.0 = Debug|Any CPU
		{A1243431-567B-42DC-B3B7-20520A3984C0}.Release|Any CPU.ActiveCfg = Release|Any CPU
		{A1243431-567B-42DC-B3B7-20520A3984C0}.Release|Any CPU.Build.0 = Release|Any CPU
		{EB8DC21C-1F10-4CB9-A609-008460D1274B}.Debug|Any CPU.ActiveCfg = Debug|Any CPU
		{EB8DC21C-1F10-4CB9-A609-008460D1274B}.Debug|Any CPU.Build.0 = Debug|Any CPU
		{EB8DC21C-1F10-4CB9-A609-008460D1274B}.Release|Any CPU.ActiveCfg = Release|Any CPU
		{EB8DC21C-1F10-4CB9-A609-008460D1274B}.Release|Any CPU.Build.0 = Release|Any CPU
		{D886C62C-A362-4138-BE77-23F934DAC1B9}.Debug|Any CPU.ActiveCfg = Debug|Any CPU
		{D886C62C-A362-4138-BE77-23F934DAC1B9}.Debug|Any CPU.Build.0 = Debug|Any CPU
		{D886C62C-A362-4138-BE77-23F934DAC1B9}.Release|Any CPU.ActiveCfg = Release|Any CPU
		{D886C62C-A362-4138-BE77-23F934DAC1B9}.Release|Any CPU.Build.0 = Release|Any CPU
	EndGlobalSection
	GlobalSection(SolutionProperties) = preSolution
		HideSolutionNode = FALSE
	EndGlobalSection
	GlobalSection(ExtensibilityGlobals) = postSolution
		SolutionGuid = {146B7850-1316-49B1-BF22-E7B31EFFF36B}
	EndGlobalSection
EndGlobal
